
Microsoft Visual Studio Solution File, Format Version 11.00
# Visual Studio 2010
Project("{FAE04EC0-301F-11D3-BF4B-00C04F79EFBC}") = "EncryptTool", "EncryptTool\EncryptTool.csproj", "{EBB3A1C3-124F-4E03-8D49-1D04C0602E17}"
EndProject
Global
	GlobalSection(SolutionConfigurationPlatforms) = preSolution
		Debug|x86 = Debug|x86
		Release|x86 = Release|x86
	EndGlobalSection
	GlobalSection(ProjectConfigurationPlatforms) = postSolution
		{EBB3A1C3-124F-4E03-8D49-1D04C0602E17}.Debug|x86.ActiveCfg = Debug|x86
		{EBB3A1C3-124F-4E03-8D49-1D04C0602E17}.Debug|x86.Build.0 = Debug|x86
		{EBB3A1C3-124F-4E03-8D49-1D04C0602E17}.Release|x86.ActiveCfg = Release|x86
		{EBB3A1C3-124F-4E03-8D49-1D04C0602E17}.Release|x86.Build.0 = Release|x86
	EndGlobalSection
	GlobalSection(SolutionProperties) = preSolution
		HideSolutionNode = FALSE
	EndGlobalSection
EndGlobal
